
Microsoft Visual Studio Solution File, Format Version 12.00
# Visual Studio 14
VisualStudioVersion = 14.0.25420.1
MinimumVisualStudioVersion = 10.0.40219.1
Project("{FAE04EC0-301F-11D3-BF4B-00C04F79EFBC}") = "POSTracker.Droid", "POSTracker\POSTracker.Droid\POSTracker.Droid.csproj", "{1FC4A874-A306-4EE5-AB56-649DC5BF8FB7}"
EndProject
Project("{FAE04EC0-301F-11D3-BF4B-00C04F79EFBC}") = "POSTracker.iOS", "POSTracker\POSTracker.iOS\POSTracker.iOS.csproj", "{64DDF6F3-8F4D-4174-A197-360DB79CD4F5}"
EndProject
Project("{FAE04EC0-301F-11D3-BF4B-00C04F79EFBC}") = "POSTracker", "POSTracker\POSTracker\POSTracker.csproj", "{D909C4C4-804C-4553-94FE-B851A17AE64F}"
EndProject
Global
	GlobalSection(SolutionConfigurationPlatforms) = preSolution
		Ad-Hoc|Any CPU = Ad-Hoc|Any CPU
		Ad-Hoc|ARM = Ad-Hoc|ARM
		Ad-Hoc|iPhone = Ad-Hoc|iPhone
		Ad-Hoc|iPhoneSimulator = Ad-Hoc|iPhoneSimulator
		Ad-Hoc|x64 = Ad-Hoc|x64
		Ad-Hoc|x86 = Ad-Hoc|x86
		AppStore|Any CPU = AppStore|Any CPU
		AppStore|ARM = AppStore|ARM
		AppStore|iPhone = AppStore|iPhone
		AppStore|iPhoneSimulator = AppStore|iPhoneSimulator
		AppStore|x64 = AppStore|x64
		AppStore|x86 = AppStore|x86
		Debug|Any CPU = Debug|Any CPU
		Debug|ARM = Debug|ARM
		Debug|iPhone = Debug|iPhone
		Debug|iPhoneSimulator = Debug|iPhoneSimulator
		Debug|x64 = Debug|x64
		Debug|x86 = Debug|x86
		Release|Any CPU = Release|Any CPU
		Release|ARM = Release|ARM
		Release|iPhone = Release|iPhone
		Release|iPhoneSimulator = Release|iPhoneSimulator
		Release|x64 = Release|x64
		Release|x86 = Release|x86
	EndGlobalSection
	GlobalSection(ProjectConfigurationPlatforms) = postSolution
		{1FC4A874-A306-4EE5-AB56-649DC5BF8FB7}.Ad-Hoc|Any CPU.ActiveCfg = Release|Any CPU
		{1FC4A874-A306-4EE5-AB56-649DC5BF8FB7}.Ad-Hoc|Any CPU.Build.0 = Release|Any CPU
		{1FC4A874-A306-4EE5-AB56-649DC5BF8FB7}.Ad-Hoc|Any CPU.Deploy.0 = Release|Any CPU
		{1FC4A874-A306-4EE5-AB56-649DC5BF8FB7}.Ad-Hoc|ARM.ActiveCfg = Release|Any CPU
		{1FC4A874-A306-4EE5-AB56-649DC5BF8FB7}.Ad-Hoc|ARM.Build.0 = Release|Any CPU
		{1FC4A874-A306-4EE5-AB56-649DC5BF8FB7}.Ad-Hoc|ARM.Deploy.0 = Release|Any CPU
		{1FC4A874-A306-4EE5-AB56-649DC5BF8FB7}.Ad-Hoc|iPhone.ActiveCfg = Release|Any CPU
		{1FC4A874-A306-4EE5-AB56-649DC5BF8FB7}.Ad-Hoc|iPhone.Build.0 = Release|Any CPU
		{1FC4A874-A306-4EE5-AB56-649DC5BF8FB7}.Ad-Hoc|iPhone.Deploy.0 = Release|Any CPU
		{1FC4A874-A306-4EE5-AB56-649DC5BF8FB7}.Ad-Hoc|iPhoneSimulator.ActiveCfg = Release|Any CPU
		{1FC4A874-A306-4EE5-AB56-649DC5BF8FB7}.Ad-Hoc|iPhoneSimulator.Build.0 = Release|Any CPU
		{1FC4A874-A306-4EE5-AB56-649DC5BF8FB7}.Ad-Hoc|iPhoneSimulator.Deploy.0 = Release|Any CPU
		{1FC4A874-A306-4EE5-AB56-649DC5BF8FB7}.Ad-Hoc|x64.ActiveCfg = Release|Any CPU
		{1FC4A874-A306-4EE5-AB56-649DC5BF8FB7}.Ad-Hoc|x64.Build.0 = Release|Any CPU
		{1FC4A874-A306-4EE5-AB56-649DC5BF8FB7}.Ad-Hoc|x64.Deploy.0 = Release|Any CPU
		{1FC4A874-A306-4EE5-AB56-649DC5BF8FB7}.Ad-Hoc|x86.ActiveCfg = Release|Any CPU
		{1FC4A874-A306-4EE5-AB56-649DC5BF8FB7}.Ad-Hoc|x86.Build.0 = Release|Any CPU
		{1FC4A874-A306-4EE5-AB56-649DC5BF8FB7}.Ad-Hoc|x86.Deploy.0 = Release|Any CPU
		{1FC4A874-A306-4EE5-AB56-649DC5BF8FB7}.AppStore|Any CPU.ActiveCfg = Release|Any CPU
		{1FC4A874-A306-4EE5-AB56-649DC5BF8FB7}.AppStore|Any CPU.Build.0 = Release|Any CPU
		{1FC4A874-A306-4EE5-AB56-649DC5BF8FB7}.AppStore|Any CPU.Deploy.0 = Release|Any CPU
		{1FC4A874-A306-4EE5-AB56-649DC5BF8FB7}.AppStore|ARM.ActiveCfg = Release|Any CPU
		{1FC4A874-A306-4EE5-AB56-649DC5BF8FB7}.AppStore|ARM.Build.0 = Release|Any CPU
		{1FC4A874-A306-4EE5-AB56-649DC5BF8FB7}.AppStore|ARM.Deploy.0 = Release|Any CPU
		{1FC4A874-A306-4EE5-AB56-649DC5BF8FB7}.AppStore|iPhone.ActiveCfg = Release|Any CPU
		{1FC4A874-A306-4EE5-AB56-649DC5BF8FB7}.AppStore|iPhone.Build.0 = Release|Any CPU
		{1FC4A874-A306-4EE5-AB56-649DC5BF8FB7}.AppStore|iPhone.Deploy.0 = Release|Any CPU
		{1FC4A874-A306-4EE5-AB56-649DC5BF8FB7}.AppStore|iPhoneSimulator.ActiveCfg = Release|Any CPU
		{1FC4A874-A306-4EE5-AB56-649DC5BF8FB7}.AppStore|iPhoneSimulator.Build.0 = Release|Any CPU
		{1FC4A874-A306-4EE5-AB56-649DC5BF8FB7}.AppStore|iPhoneSimulator.Deploy.0 = Release|Any CPU
		{1FC4A874-A306-4EE5-AB56-649DC5BF8FB7}.AppStore|x64.ActiveCfg = Release|Any CPU
		{1FC4A874-A306-4EE5-AB56-649DC5BF8FB7}.AppStore|x64.Build.0 = Release|Any CPU
		{1FC4A874-A306-4EE5-AB56-649DC5BF8FB7}.AppStore|x64.Deploy.0 = Release|Any CPU
		{1FC4A874-A306-4EE5-AB56-649DC5BF8FB7}.AppStore|x86.ActiveCfg = Release|Any CPU
		{1FC4A874-A306-4EE5-AB56-649DC5BF8FB7}.AppStore|x86.Build.0 = Release|Any CPU
		{1FC4A874-A306-4EE5-AB56-649DC5BF8FB7}.AppStore|x86.Deploy.0 = Release|Any CPU
		{1FC4A874-A306-4EE5-AB56-649DC5BF8FB7}.Debug|Any CPU.ActiveCfg = Debug|Any CPU
		{1FC4A874-A306-4EE5-AB56-649DC5BF8FB7}.Debug|Any CPU.Build.0 = Debug|Any CPU
		{1FC4A874-A306-4EE5-AB56-649DC5BF8FB7}.Debug|Any CPU.Deploy.0 = Debug|Any CPU
		{1FC4A874-A306-4EE5-AB56-649DC5BF8FB7}.Debug|ARM.ActiveCfg = Debug|Any CPU
		{1FC4A874-A306-4EE5-AB56-649DC5BF8FB7}.Debug|ARM.Build.0 = Debug|Any CPU
		{1FC4A874-A306-4EE5-AB56-649DC5BF8FB7}.Debug|ARM.Deploy.0 = Debug|Any CPU
		{1FC4A874-A306-4EE5-AB56-649DC5BF8FB7}.Debug|iPhone.ActiveCfg = Debug|Any CPU
		{1FC4A874-A306-4EE5-AB56-649DC5BF8FB7}.Debug|iPhone.Build.0 = Debug|Any CPU
		{1FC4A874-A306-4EE5-AB56-649DC5BF8FB7}.Debug|iPhone.Deploy.0 = Debug|Any CPU
		{1FC4A874-A306-4EE5-AB56-649DC5BF8FB7}.Debug|iPhoneSimulator.ActiveCfg = Debug|Any CPU
		{1FC4A874-A306-4EE5-AB56-649DC5BF8FB7}.Debug|iPhoneSimulator.Build.0 = Debug|Any CPU
		{1FC4A874-A306-4EE5-AB56-649DC5BF8FB7}.Debug|iPhoneSimulator.Deploy.0 = Debug|Any CPU
		{1FC4A874-A306-4EE5-AB56-649DC5BF8FB7}.Debug|x64.ActiveCfg = Debug|Any CPU
		{1FC4A874-A306-4EE5-AB56-649DC5BF8FB7}.Debug|x64.Build.0 = Debug|Any CPU
		{1FC4A874-A306-4EE5-AB56-649DC5BF8FB7}.Debug|x64.Deploy.0 = Debug|Any CPU
		{1FC4A874-A306-4EE5-AB56-649DC5BF8FB7}.Debug|x86.ActiveCfg = Debug|Any CPU
		{1FC4A874-A306-4EE5-AB56-649DC5BF8FB7}.Debug|x86.Build.0 = Debug|Any CPU
		{1FC4A874-A306-4EE5-AB56-649DC5BF8FB7}.Debug|x86.Deploy.0 = Debug|Any CPU
		{1FC4A874-A306-4EE5-AB56-649DC5BF8FB7}.Release|Any CPU.ActiveCfg = Release|Any CPU
		{1FC4A874-A306-4EE5-AB56-649DC5BF8FB7}.Release|Any CPU.Build.0 = Release|Any CPU
		{1FC4A874-A306-4EE5-AB56-649DC5BF8FB7}.Release|Any CPU.Deploy.0 = Release|Any CPU
		{1FC4A874-A306-4EE5-AB56-649DC5BF8FB7}.Release|ARM.ActiveCfg = Release|Any CPU
		{1FC4A874-A306-4EE5-AB56-649DC5BF8FB7}.Release|ARM.Build.0 = Release|Any CPU
		{1FC4A874-A306-4EE5-AB56-649DC5BF8FB7}.Release|ARM.Deploy.0 = Release|Any CPU
		{1FC4A874-A306-4EE5-AB56-649DC5BF8FB7}.Release|iPhone.ActiveCfg = Release|Any CPU
		{1FC4A874-A306-4EE5-AB56-649DC5BF8FB7}.Release|iPhone.Build.0 = Release|Any CPU
		{1FC4A874-A306-4EE5-AB56-649DC5BF8FB7}.Release|iPhone.Deploy.0 = Release|Any CPU
		{1FC4A874-A306-4EE5-AB56-649DC5BF8FB7}.Release|iPhoneSimulator.ActiveCfg = Release|Any CPU
		{1FC4A874-A306-4EE5-AB56-649DC5BF8FB7}.Release|iPhoneSimulator.Build.0 = Release|Any CPU
		{1FC4A874-A306-4EE5-AB56-649DC5BF8FB7}.Release|iPhoneSimulator.Deploy.0 = Release|Any CPU
		{1FC4A874-A306-4EE5-AB56-649DC5BF8FB7}.Release|x64.ActiveCfg = Release|Any CPU
		{1FC4A874-A306-4EE5-AB56-649DC5BF8FB7}.Release|x64.Build.0 = Release|Any CPU
		{1FC4A874-A306-4EE5-AB56-649DC5BF8FB7}.Release|x64.Deploy.0 = Release|Any CPU
		{1FC4A874-A306-4EE5-AB56-649DC5BF8FB7}.Release|x86.ActiveCfg = Release|Any CPU
		{1FC4A874-A306-4EE5-AB56-649DC5BF8FB7}.Release|x86.Build.0 = Release|Any CPU
		{1FC4A874-A306-4EE5-AB56-649DC5BF8FB7}.Release|x86.Deploy.0 = Release|Any CPU
		{64DDF6F3-8F4D-4174-A197-360DB79CD4F5}.Ad-Hoc|Any CPU.ActiveCfg = Ad-Hoc|iPhone
		{64DDF6F3-8F4D-4174-A197-360DB79CD4F5}.Ad-Hoc|ARM.ActiveCfg = Ad-Hoc|iPhone
		{64DDF6F3-8F4D-4174-A197-360DB79CD4F5}.Ad-Hoc|iPhone.ActiveCfg = Ad-Hoc|iPhone
		{64DDF6F3-8F4D-4174-A197-360DB79CD4F5}.Ad-Hoc|iPhone.Build.0 = Ad-Hoc|iPhone
		{64DDF6F3-8F4D-4174-A197-360DB79CD4F5}.Ad-Hoc|iPhoneSimulator.ActiveCfg = Ad-Hoc|iPhoneSimulator
		{64DDF6F3-8F4D-4174-A197-360DB79CD4F5}.Ad-Hoc|iPhoneSimulator.Build.0 = Ad-Hoc|iPhoneSimulator
		{64DDF6F3-8F4D-4174-A197-360DB79CD4F5}.Ad-Hoc|x64.ActiveCfg = Ad-Hoc|iPhone
		{64DDF6F3-8F4D-4174-A197-360DB79CD4F5}.Ad-Hoc|x86.ActiveCfg = Ad-Hoc|iPhone
		{64DDF6F3-8F4D-4174-A197-360DB79CD4F5}.AppStore|Any CPU.ActiveCfg = AppStore|iPhone
		{64DDF6F3-8F4D-4174-A197-360DB79CD4F5}.AppStore|ARM.ActiveCfg = AppStore|iPhone
		{64DDF6F3-8F4D-4174-A197-360DB79CD4F5}.AppStore|iPhone.ActiveCfg = AppStore|iPhone
		{64DDF6F3-8F4D-4174-A197-360DB79CD4F5}.AppStore|iPhone.Build.0 = AppStore|iPhone
		{64DDF6F3-8F4D-4174-A197-360DB79CD4F5}.AppStore|iPhoneSimulator.ActiveCfg = AppStore|iPhoneSimulator
		{64DDF6F3-8F4D-4174-A197-360DB79CD4F5}.AppStore|iPhoneSimulator.Build.0 = AppStore|iPhoneSimulator
		{64DDF6F3-8F4D-4174-A197-360DB79CD4F5}.AppStore|x64.ActiveCfg = AppStore|iPhone
		{64DDF6F3-8F4D-4174-A197-360DB79CD4F5}.AppStore|x86.ActiveCfg = AppStore|iPhone
		{64DDF6F3-8F4D-4174-A197-360DB79CD4F5}.Debug|Any CPU.ActiveCfg = Debug|iPhone
		{64DDF6F3-8F4D-4174-A197-360DB79CD4F5}.Debug|ARM.ActiveCfg = Debug|iPhone
		{64DDF6F3-8F4D-4174-A197-360DB79CD4F5}.Debug|iPhone.ActiveCfg = Debug|iPhone
		{64DDF6F3-8F4D-4174-A197-360DB79CD4F5}.Debug|iPhone.Build.0 = Debug|iPhone
		{64DDF6F3-8F4D-4174-A197-360DB79CD4F5}.Debug|iPhoneSimulator.ActiveCfg = Debug|iPhoneSimulator
		{64DDF6F3-8F4D-4174-A197-360DB79CD4F5}.Debug|iPhoneSimulator.Build.0 = Debug|iPhoneSimulator
		{64DDF6F3-8F4D-4174-A197-360DB79CD4F5}.Debug|x64.ActiveCfg = Debug|iPhone
		{64DDF6F3-8F4D-4174-A197-360DB79CD4F5}.Debug|x86.ActiveCfg = Debug|iPhone
		{64DDF6F3-8F4D-4174-A197-360DB79CD4F5}.Release|Any CPU.ActiveCfg = Release|iPhone
		{64DDF6F3-8F4D-4174-A197-360DB79CD4F5}.Release|ARM.ActiveCfg = Release|iPhone
		{64DDF6F3-8F4D-4174-A197-360DB79CD4F5}.Release|iPhone.ActiveCfg = Release|iPhone
		{64DDF6F3-8F4D-4174-A197-360DB79CD4F5}.Release|iPhone.Build.0 = Release|iPhone
		{64DDF6F3-8F4D-4174-A197-360DB79CD4F5}.Release|iPhoneSimulator.ActiveCfg = Release|iPhoneSimulator
		{64DDF6F3-8F4D-4174-A197-360DB79CD4F5}.Release|iPhoneSimulator.Build.0 = Release|iPhoneSimulator
		{64DDF6F3-8F4D-4174-A197-360DB79CD4F5}.Release|x64.ActiveCfg = Release|iPhone
		{64DDF6F3-8F4D-4174-A197-360DB79CD4F5}.Release|x86.ActiveCfg = Release|iPhone
		{D909C4C4-804C-4553-94FE-B851A17AE64F}.Ad-Hoc|Any CPU.ActiveCfg = Release|Any CPU
		{D909C4C4-804C-4553-94FE-B851A17AE64F}.Ad-Hoc|Any CPU.Build.0 = Release|Any CPU
		{D909C4C4-804C-4553-94FE-B851A17AE64F}.Ad-Hoc|ARM.ActiveCfg = Release|Any CPU
		{D909C4C4-804C-4553-94FE-B851A17AE64F}.Ad-Hoc|ARM.Build.0 = Release|Any CPU
		{D909C4C4-804C-4553-94FE-B851A17AE64F}.Ad-Hoc|iPhone.ActiveCfg = Release|Any CPU
		{D909C4C4-804C-4553-94FE-B851A17AE64F}.Ad-Hoc|iPhone.Build.0 = Release|Any CPU
		{D909C4C4-804C-4553-94FE-B851A17AE64F}.Ad-Hoc|iPhoneSimulator.ActiveCfg = Release|Any CPU
		{D909C4C4-804C-4553-94FE-B851A17AE64F}.Ad-Hoc|iPhoneSimulator.Build.0 = Release|Any CPU
		{D909C4C4-804C-4553-94FE-B851A17AE64F}.Ad-Hoc|x64.ActiveCfg = Release|Any CPU
		{D909C4C4-804C-4553-94FE-B851A17AE64F}.Ad-Hoc|x64.Build.0 = Release|Any CPU
		{D909C4C4-804C-4553-94FE-B851A17AE64F}.Ad-Hoc|x86.ActiveCfg = Release|Any CPU
		{D909C4C4-804C-4553-94FE-B851A17AE64F}.Ad-Hoc|x86.Build.0 = Release|Any CPU
		{D909C4C4-804C-4553-94FE-B851A17AE64F}.AppStore|Any CPU.ActiveCfg = Release|Any CPU
		{D909C4C4-804C-4553-94FE-B851A17AE64F}.AppStore|Any CPU.Build.0 = Release|Any CPU
		{D909C4C4-804C-4553-94FE-B851A17AE64F}.AppStore|ARM.ActiveCfg = Release|Any CPU
		{D909C4C4-804C-4553-94FE-B851A17AE64F}.AppStore|ARM.Build.0 = Release|Any CPU
		{D909C4C4-804C-4553-94FE-B851A17AE64F}.AppStore|iPhone.ActiveCfg = Release|Any CPU
		{D909C4C4-804C-4553-94FE-B851A17AE64F}.AppStore|iPhone.Build.0 = Release|Any CPU
		{D909C4C4-804C-4553-94FE-B851A17AE64F}.AppStore|iPhoneSimulator.ActiveCfg = Release|Any CPU
		{D909C4C4-804C-4553-94FE-B851A17AE64F}.AppStore|iPhoneSimulator.Build.0 = Release|Any CPU
		{D909C4C4-804C-4553-94FE-B851A17AE64F}.AppStore|x64.ActiveCfg = Release|Any CPU
		{D909C4C4-804C-4553-94FE-B851A17AE64F}.AppStore|x64.Build.0 = Release|Any CPU
		{D909C4C4-804C-4553-94FE-B851A17AE64F}.AppStore|x86.ActiveCfg = Release|Any CPU
		{D909C4C4-804C-4553-94FE-B851A17AE64F}.AppStore|x86.Build.0 = Release|Any CPU
		{D909C4C4-804C-4553-94FE-B851A17AE64F}.Debug|Any CPU.ActiveCfg = Debug|Any CPU
		{D909C4C4-804C-4553-94FE-B851A17AE64F}.Debug|Any CPU.Build.0 = Debug|Any CPU
		{D909C4C4-804C-4553-94FE-B851A17AE64F}.Debug|ARM.ActiveCfg = Debug|Any CPU
		{D909C4C4-804C-4553-94FE-B851A17AE64F}.Debug|ARM.Build.0 = Debug|Any CPU
		{D909C4C4-804C-4553-94FE-B851A17AE64F}.Debug|iPhone.ActiveCfg = Debug|Any CPU
		{D909C4C4-804C-4553-94FE-B851A17AE64F}.Debug|iPhone.Build.0 = Debug|Any CPU
		{D909C4C4-804C-4553-94FE-B851A17AE64F}.Debug|iPhoneSimulator.ActiveCfg = Debug|Any CPU
		{D909C4C4-804C-4553-94FE-B851A17AE64F}.Debug|iPhoneSimulator.Build.0 = Debug|Any CPU
		{D909C4C4-804C-4553-94FE-B851A17AE64F}.Debug|x64.ActiveCfg = Debug|Any CPU
		{D909C4C4-804C-4553-94FE-B851A17AE64F}.Debug|x64.Build.0 = Debug|Any CPU
		{D909C4C4-804C-4553-94FE-B851A17AE64F}.Debug|x86.ActiveCfg = Debug|Any CPU
		{D909C4C4-804C-4553-94FE-B851A17AE64F}.Debug|x86.Build.0 = Debug|Any CPU
		{D909C4C4-804C-4553-94FE-B851A17AE64F}.Release|Any CPU.ActiveCfg = Release|Any CPU
		{D909C4C4-804C-4553-94FE-B851A17AE64F}.Release|Any CPU.Build.0 = Release|Any CPU
		{D909C4C4-804C-4553-94FE-B851A17AE64F}.Release|ARM.ActiveCfg = Release|Any CPU
		{D909C4C4-804C-4553-94FE-B851A17AE64F}.Release|ARM.Build.0 = Release|Any CPU
		{D909C4C4-804C-4553-94FE-B851A17AE64F}.Release|iPhone.ActiveCfg = Release|Any CPU
		{D909C4C4-804C-4553-94FE-B851A17AE64F}.Release|iPhone.Build.0 = Release|Any CPU
		{D909C4C4-804C-4553-94FE-B851A17AE64F}.Release|iPhoneSimulator.ActiveCfg = Release|Any CPU
		{D909C4C4-804C-4553-94FE-B851A17AE64F}.Release|iPhoneSimulator.Build.0 = Release|Any CPU
		{D909C4C4-804C-4553-94FE-B851A17AE64F}.Release|x64.ActiveCfg = Release|Any CPU
		{D909C4C4-804C-4553-94FE-B851A17AE64F}.Release|x64.Build.0 = Release|Any CPU
		{D909C4C4-804C-4553-94FE-B851A17AE64F}.Release|x86.ActiveCfg = Release|Any CPU
		{D909C4C4-804C-4553-94FE-B851A17AE64F}.Release|x86.Build.0 = Release|Any CPU
	EndGlobalSection
	GlobalSection(SolutionProperties) = preSolution
		HideSolutionNode = FALSE
	EndGlobalSection
EndGlobal
